
Microsoft Visual Studio Solution File, Format Version 12.00
# Visual Studio Version 17
VisualStudioVersion = 17.6.33815.320
MinimumVisualStudioVersion = 10.0.40219.1
Project("{FAE04EC0-301F-11D3-BF4B-00C04F79EFBC}") = "Hardware", "Hardware.csproj", "{4DCA2AD8-8DB5-4CAB-9F00-78BB58DE083F}"
EndProject
Global
	GlobalSection(SolutionConfigurationPlatforms) = preSolution
		Debug|Any CPU = Debug|Any CPU
		Release|Any CPU = Release|Any CPU
	EndGlobalSection
	GlobalSection(ProjectConfigurationPlatforms) = postSolution
		{4DCA2AD8-8DB5-4CAB-9F00-78BB58DE083F}.Debug|Any CPU.ActiveCfg = Debug|Any CPU
		{4DCA2AD8-8DB5-4CAB-9F00-78BB58DE083F}.Debug|Any CPU.Build.0 = Debug|Any CPU
		{4DCA2AD8-8DB5-4CAB-9F00-78BB58DE083F}.Release|Any CPU.ActiveCfg = Release|Any CPU
		{4DCA2AD8-8DB5-4CAB-9F00-78BB58DE083F}.Release|Any CPU.Build.0 = Release|Any CPU
	EndGlobalSection
	GlobalSection(SolutionProperties) = preSolution
		HideSolutionNode = FALSE
	EndGlobalSection
	GlobalSection(ExtensibilityGlobals) = postSolution
		SolutionGuid = {3807011B-7911-42D4-9FDF-19C684C4FFD2}
	EndGlobalSection
EndGlobal
