
Microsoft Visual Studio Solution File, Format Version 12.00
# Visual Studio Version 17
VisualStudioVersion = 17.6.33617.297
MinimumVisualStudioVersion = 10.0.40219.1
Project("{FAE04EC0-301F-11D3-BF4B-00C04F79EFBC}") = "SistemaEstoque", "SistemaEstoque.csproj", "{C40E1915-D965-4F97-91FC-174D6FA3A4E8}"
EndProject
Project("{FAE04EC0-301F-11D3-BF4B-00C04F79EFBC}") = "SistemaEstoque.Banco", "SistemaEstoque.Banco\SistemaEstoque.Banco.csproj", "{DF82640E-4883-4839-AD9C-835700C1EC5A}"
EndProject
Project("{FAE04EC0-301F-11D3-BF4B-00C04F79EFBC}") = "SistemaEstoque.Telas", "SistemaEstoque.Telas\SistemaEstoque.Telas.csproj", "{CD1BE7B0-FEB6-43F0-BA13-8DB4A1E7A042}"
EndProject
Global
	GlobalSection(SolutionConfigurationPlatforms) = preSolution
		Debug|Any CPU = Debug|Any CPU
		Release|Any CPU = Release|Any CPU
	EndGlobalSection
	GlobalSection(ProjectConfigurationPlatforms) = postSolution
		{C40E1915-D965-4F97-91FC-174D6FA3A4E8}.Debug|Any CPU.ActiveCfg = Debug|Any CPU
		{C40E1915-D965-4F97-91FC-174D6FA3A4E8}.Debug|Any CPU.Build.0 = Debug|Any CPU
		{C40E1915-D965-4F97-91FC-174D6FA3A4E8}.Release|Any CPU.ActiveCfg = Release|Any CPU
		{C40E1915-D965-4F97-91FC-174D6FA3A4E8}.Release|Any CPU.Build.0 = Release|Any CPU
		{DF82640E-4883-4839-AD9C-835700C1EC5A}.Debug|Any CPU.ActiveCfg = Debug|Any CPU
		{DF82640E-4883-4839-AD9C-835700C1EC5A}.Debug|Any CPU.Build.0 = Debug|Any CPU
		{DF82640E-4883-4839-AD9C-835700C1EC5A}.Release|Any CPU.ActiveCfg = Release|Any CPU
		{DF82640E-4883-4839-AD9C-835700C1EC5A}.Release|Any CPU.Build.0 = Release|Any CPU
		{CD1BE7B0-FEB6-43F0-BA13-8DB4A1E7A042}.Debug|Any CPU.ActiveCfg = Debug|Any CPU
		{CD1BE7B0-FEB6-43F0-BA13-8DB4A1E7A042}.Debug|Any CPU.Build.0 = Debug|Any CPU
		{CD1BE7B0-FEB6-43F0-BA13-8DB4A1E7A042}.Release|Any CPU.ActiveCfg = Release|Any CPU
		{CD1BE7B0-FEB6-43F0-BA13-8DB4A1E7A042}.Release|Any CPU.Build.0 = Release|Any CPU
	EndGlobalSection
	GlobalSection(SolutionProperties) = preSolution
		HideSolutionNode = FALSE
	EndGlobalSection
	GlobalSection(ExtensibilityGlobals) = postSolution
		SolutionGuid = {97E5E814-17D8-4716-A368-23BC4A951285}
	EndGlobalSection
EndGlobal
