
Microsoft Visual Studio Solution File, Format Version 12.00
# Visual Studio Version 17
VisualStudioVersion = 17.5.33209.295
MinimumVisualStudioVersion = 10.0.40219.1
Project("{FAE04EC0-301F-11D3-BF4B-00C04F79EFBC}") = "PharmacyManagement", "PharmacyManagement.csproj", "{6E4F0391-E0AA-4B63-B587-34F1BE8FB464}"
EndProject
Global
	GlobalSection(SolutionConfigurationPlatforms) = preSolution
		Debug|Any CPU = Debug|Any CPU
		Release|Any CPU = Release|Any CPU
	EndGlobalSection
	GlobalSection(ProjectConfigurationPlatforms) = postSolution
		{6E4F0391-E0AA-4B63-B587-34F1BE8FB464}.Debug|Any CPU.ActiveCfg = Debug|Any CPU
		{6E4F0391-E0AA-4B63-B587-34F1BE8FB464}.Debug|Any CPU.Build.0 = Debug|Any CPU
		{6E4F0391-E0AA-4B63-B587-34F1BE8FB464}.Release|Any CPU.ActiveCfg = Release|Any CPU
		{6E4F0391-E0AA-4B63-B587-34F1BE8FB464}.Release|Any CPU.Build.0 = Release|Any CPU
	EndGlobalSection
	GlobalSection(SolutionProperties) = preSolution
		HideSolutionNode = FALSE
	EndGlobalSection
	GlobalSection(ExtensibilityGlobals) = postSolution
		SolutionGuid = {265B06E5-5669-4EA0-B602-BEAE82D46A3D}
	EndGlobalSection
EndGlobal
