
Microsoft Visual Studio Solution File, Format Version 12.00
# Visual Studio Version 17
VisualStudioVersion = 17.4.32916.344
MinimumVisualStudioVersion = 10.0.40219.1
Project("{F184B08F-C81C-45F6-A57F-5ABD9991F28F}") = "WindowsApp1", "WindowsApp1\WindowsApp1.vbproj", "{3F01DD2D-57F4-4DE5-A774-43D40D88BC1B}"
EndProject
Global
	GlobalSection(SolutionConfigurationPlatforms) = preSolution
		Debug|Any CPU = Debug|Any CPU
		Release|Any CPU = Release|Any CPU
	EndGlobalSection
	GlobalSection(ProjectConfigurationPlatforms) = postSolution
		{3F01DD2D-57F4-4DE5-A774-43D40D88BC1B}.Debug|Any CPU.ActiveCfg = Debug|Any CPU
		{3F01DD2D-57F4-4DE5-A774-43D40D88BC1B}.Debug|Any CPU.Build.0 = Debug|Any CPU
		{3F01DD2D-57F4-4DE5-A774-43D40D88BC1B}.Release|Any CPU.ActiveCfg = Release|Any CPU
		{3F01DD2D-57F4-4DE5-A774-43D40D88BC1B}.Release|Any CPU.Build.0 = Release|Any CPU
	EndGlobalSection
	GlobalSection(SolutionProperties) = preSolution
		HideSolutionNode = FALSE
	EndGlobalSection
	GlobalSection(ExtensibilityGlobals) = postSolution
		SolutionGuid = {61F6DEBE-CA93-4EF6-A784-2D980BD0107F}
	EndGlobalSection
EndGlobal
